# This file is generated by running "yarn install" inside your project.
# Manual changes might be lost - proceed with caution!

__metadata:
  version: 8
  cacheKey: 10c0

"@cloudflare/kv-asset-handler@npm:0.3.4":
  version: 0.3.4
  resolution: "@cloudflare/kv-asset-handler@npm:0.3.4"
  dependencies:
    mime: "npm:^3.0.0"
  checksum: 10c0/5895d28a4489f470acd217485e3ffbbe2e4a63b0772bb2925ee0f646b6ccce1fd224e07c4610cf514b5e7d0100053c81745a21c0af9a89a98fe16990a4e38ce7
  languageName: node
  linkType: hard

"@cloudflare/unenv-preset@npm:2.0.2":
  version: 2.0.2
  resolution: "@cloudflare/unenv-preset@npm:2.0.2"
  peerDependencies:
    unenv: 2.0.0-rc.14
    workerd: ^1.20250124.0
  peerDependenciesMeta:
    workerd:
      optional: true
  checksum: 10c0/8efc49c9c8eec3c03e75bfc65115c54635aef886461f605e4d6e72a594c6e6dd20e05cdedb174feec7c4d7a88ef962eed7380e64c48209f31d56d34ee479a617
  languageName: node
  linkType: hard

"@cloudflare/workerd-darwin-64@npm:1.20250718.0":
  version: 1.20250718.0
  resolution: "@cloudflare/workerd-darwin-64@npm:1.20250718.0"
  conditions: os=darwin & cpu=x64
  languageName: node
  linkType: hard

"@cloudflare/workerd-darwin-arm64@npm:1.20250718.0":
  version: 1.20250718.0
  resolution: "@cloudflare/workerd-darwin-arm64@npm:1.20250718.0"
  conditions: os=darwin & cpu=arm64
  languageName: node
  linkType: hard

"@cloudflare/workerd-linux-64@npm:1.20250718.0":
  version: 1.20250718.0
  resolution: "@cloudflare/workerd-linux-64@npm:1.20250718.0"
  conditions: os=linux & cpu=x64
  languageName: node
  linkType: hard

"@cloudflare/workerd-linux-arm64@npm:1.20250718.0":
  version: 1.20250718.0
  resolution: "@cloudflare/workerd-linux-arm64@npm:1.20250718.0"
  conditions: os=linux & cpu=arm64
  languageName: node
  linkType: hard

"@cloudflare/workerd-windows-64@npm:1.20250718.0":
  version: 1.20250718.0
  resolution: "@cloudflare/workerd-windows-64@npm:1.20250718.0"
  conditions: os=win32 & cpu=x64
  languageName: node
  linkType: hard

"@cloudflare/workers-types@npm:^4.20241218.0":
  version: 4.20260423.1
  resolution: "@cloudflare/workers-types@npm:4.20260423.1"
  checksum: 10c0/751159eea98f8fc32eaeee92a1d5196b0e9a7cf441e8fc598014527a7a67ff6c1e7a9ac3a2ccecf99a3a051a83e8e783798ba21113a031b726ef6b6d6a8c96d3
  languageName: node
  linkType: hard

"@cspotcode/source-map-support@npm:0.8.1":
  version: 0.8.1
  resolution: "@cspotcode/source-map-support@npm:0.8.1"
  dependencies:
    "@jridgewell/trace-mapping": "npm:0.3.9"
  checksum: 10c0/05c5368c13b662ee4c122c7bfbe5dc0b613416672a829f3e78bc49a357a197e0218d6e74e7c66cfcd04e15a179acab080bd3c69658c9fbefd0e1ccd950a07fc6
  languageName: node
  linkType: hard

"@emnapi/runtime@npm:^1.2.0":
  version: 1.10.0
  resolution: "@emnapi/runtime@npm:1.10.0"
  dependencies:
    tslib: "npm:^2.4.0"
  checksum: 10c0/953f14991d1aefb92ee6f8eb27dea725e484791a53a0cb5f47d9e0087b9a2c929ff2e92adf95af15d6ad456db6300c6b761ebf72b50a875b874a83520b3ba093
  languageName: node
  linkType: hard

"@esbuild-plugins/node-globals-polyfill@npm:0.2.3":
  version: 0.2.3
  resolution: "@esbuild-plugins/node-globals-polyfill@npm:0.2.3"
  peerDependencies:
    esbuild: "*"
  checksum: 10c0/da3591b3943076a8d4a78320c176f37e5a5802512e2c3a792d4dfe495c051e097668dc56513160147b43e86987078559490164905ef41d1326ac0a9e7a6498ac
  languageName: node
  linkType: hard

"@esbuild-plugins/node-modules-polyfill@npm:0.2.2":
  version: 0.2.2
  resolution: "@esbuild-plugins/node-modules-polyfill@npm:0.2.2"
  dependencies:
    escape-string-regexp: "npm:^4.0.0"
    rollup-plugin-node-polyfills: "npm:^0.2.1"
  peerDependencies:
    esbuild: "*"
  checksum: 10c0/8573eb409d19769ea6a2f621d8d7e344d84a9f19d03f37f4ace053e23dab8eeea08feea871c1704a2d39c0859adadfba808b59a50de4d227cb3879dbd90e7f52
  languageName: node
  linkType: hard

"@esbuild/android-arm64@npm:0.17.19":
  version: 0.17.19
  resolution: "@esbuild/android-arm64@npm:0.17.19"
  conditions: os=android & cpu=arm64
  languageName: node
  linkType: hard

"@esbuild/android-arm@npm:0.17.19":
  version: 0.17.19
  resolution: "@esbuild/android-arm@npm:0.17.19"
  conditions: os=android & cpu=arm
  languageName: node
  linkType: hard

"@esbuild/android-x64@npm:0.17.19":
  version: 0.17.19
  resolution: "@esbuild/android-x64@npm:0.17.19"
  conditions: os=android & cpu=x64
  languageName: node
  linkType: hard

"@esbuild/darwin-arm64@npm:0.17.19":
  version: 0.17.19
  resolution: "@esbuild/darwin-arm64@npm:0.17.19"
  conditions: os=darwin & cpu=arm64
  languageName: node
  linkType: hard

"@esbuild/darwin-x64@npm:0.17.19":
  version: 0.17.19
  resolution: "@esbuild/darwin-x64@npm:0.17.19"
  conditions: os=darwin & cpu=x64
  languageName: node
  linkType: hard

"@esbuild/freebsd-arm64@npm:0.17.19":
  version: 0.17.19
  resolution: "@esbuild/freebsd-arm64@npm:0.17.19"
  conditions: os=freebsd & cpu=arm64
  languageName: node
  linkType: hard

"@esbuild/freebsd-x64@npm:0.17.19":
  version: 0.17.19
  resolution: "@esbuild/freebsd-x64@npm:0.17.19"
  conditions: os=freebsd & cpu=x64
  languageName: node
  linkType: hard

"@esbuild/linux-arm64@npm:0.17.19":
  version: 0.17.19
  resolution: "@esbuild/linux-arm64@npm:0.17.19"
  conditions: os=linux & cpu=arm64
  languageName: node
  linkType: hard

"@esbuild/linux-arm@npm:0.17.19":
  version: 0.17.19
  resolution: "@esbuild/linux-arm@npm:0.17.19"
  conditions: os=linux & cpu=arm
  languageName: node
  linkType: hard

"@esbuild/linux-ia32@npm:0.17.19":
  version: 0.17.19
  resolution: "@esbuild/linux-ia32@npm:0.17.19"
  conditions: os=linux & cpu=ia32
  languageName: node
  linkType: hard

"@esbuild/linux-loong64@npm:0.17.19":
  version: 0.17.19
  resolution: "@esbuild/linux-loong64@npm:0.17.19"
  conditions: os=linux & cpu=loong64
  languageName: node
  linkType: hard

"@esbuild/linux-mips64el@npm:0.17.19":
  version: 0.17.19
  resolution: "@esbuild/linux-mips64el@npm:0.17.19"
  conditions: os=linux & cpu=mips64el
  languageName: node
  linkType: hard

"@esbuild/linux-ppc64@npm:0.17.19":
  version: 0.17.19
  resolution: "@esbuild/linux-ppc64@npm:0.17.19"
  conditions: os=linux & cpu=ppc64
  languageName: node
  linkType: hard

"@esbuild/linux-riscv64@npm:0.17.19":
  version: 0.17.19
  resolution: "@esbuild/linux-riscv64@npm:0.17.19"
  conditions: os=linux & cpu=riscv64
  languageName: node
  linkType: hard

"@esbuild/linux-s390x@npm:0.17.19":
  version: 0.17.19
  resolution: "@esbuild/linux-s390x@npm:0.17.19"
  conditions: os=linux & cpu=s390x
  languageName: node
  linkType: hard

"@esbuild/linux-x64@npm:0.17.19":
  version: 0.17.19
  resolution: "@esbuild/linux-x64@npm:0.17.19"
  conditions: os=linux & cpu=x64
  languageName: node
  linkType: hard

"@esbuild/netbsd-x64@npm:0.17.19":
  version: 0.17.19
  resolution: "@esbuild/netbsd-x64@npm:0.17.19"
  conditions: os=netbsd & cpu=x64
  languageName: node
  linkType: hard

"@esbuild/openbsd-x64@npm:0.17.19":
  version: 0.17.19
  resolution: "@esbuild/openbsd-x64@npm:0.17.19"
  conditions: os=openbsd & cpu=x64
  languageName: node
  linkType: hard

"@esbuild/sunos-x64@npm:0.17.19":
  version: 0.17.19
  resolution: "@esbuild/sunos-x64@npm:0.17.19"
  conditions: os=sunos & cpu=x64
  languageName: node
  linkType: hard

"@esbuild/win32-arm64@npm:0.17.19":
  version: 0.17.19
  resolution: "@esbuild/win32-arm64@npm:0.17.19"
  conditions: os=win32 & cpu=arm64
  languageName: node
  linkType: hard

"@esbuild/win32-ia32@npm:0.17.19":
  version: 0.17.19
  resolution: "@esbuild/win32-ia32@npm:0.17.19"
  conditions: os=win32 & cpu=ia32
  languageName: node
  linkType: hard

"@esbuild/win32-x64@npm:0.17.19":
  version: 0.17.19
  resolution: "@esbuild/win32-x64@npm:0.17.19"
  conditions: os=win32 & cpu=x64
  languageName: node
  linkType: hard

"@fastify/busboy@npm:^2.0.0":
  version: 2.1.1
  resolution: "@fastify/busboy@npm:2.1.1"
  checksum: 10c0/6f8027a8cba7f8f7b736718b013f5a38c0476eea67034c94a0d3c375e2b114366ad4419e6a6fa7ffc2ef9c6d3e0435d76dd584a7a1cbac23962fda7650b579e3
  languageName: node
  linkType: hard

"@img/sharp-darwin-arm64@npm:0.33.5":
  version: 0.33.5
  resolution: "@img/sharp-darwin-arm64@npm:0.33.5"
  dependencies:
    "@img/sharp-libvips-darwin-arm64": "npm:1.0.4"
  dependenciesMeta:
    "@img/sharp-libvips-darwin-arm64":
      optional: true
  conditions: os=darwin & cpu=arm64
  languageName: node
  linkType: hard

"@img/sharp-darwin-x64@npm:0.33.5":
  version: 0.33.5
  resolution: "@img/sharp-darwin-x64@npm:0.33.5"
  dependencies:
    "@img/sharp-libvips-darwin-x64": "npm:1.0.4"
  dependenciesMeta:
    "@img/sharp-libvips-darwin-x64":
      optional: true
  conditions: os=darwin & cpu=x64
  languageName: node
  linkType: hard

"@img/sharp-libvips-darwin-arm64@npm:1.0.4":
  version: 1.0.4
  resolution: "@img/sharp-libvips-darwin-arm64@npm:1.0.4"
  conditions: os=darwin & cpu=arm64
  languageName: node
  linkType: hard

"@img/sharp-libvips-darwin-x64@npm:1.0.4":
  version: 1.0.4
  resolution: "@img/sharp-libvips-darwin-x64@npm:1.0.4"
  conditions: os=darwin & cpu=x64
  languageName: node
  linkType: hard

"@img/sharp-libvips-linux-arm64@npm:1.0.4":
  version: 1.0.4
  resolution: "@img/sharp-libvips-linux-arm64@npm:1.0.4"
  conditions: os=linux & cpu=arm64 & libc=glibc
  languageName: node
  linkType: hard

"@img/sharp-libvips-linux-arm@npm:1.0.5":
  version: 1.0.5
  resolution: "@img/sharp-libvips-linux-arm@npm:1.0.5"
  conditions: os=linux & cpu=arm & libc=glibc
  languageName: node
  linkType: hard

"@img/sharp-libvips-linux-s390x@npm:1.0.4":
  version: 1.0.4
  resolution: "@img/sharp-libvips-linux-s390x@npm:1.0.4"
  conditions: os=linux & cpu=s390x & libc=glibc
  languageName: node
  linkType: hard

"@img/sharp-libvips-linux-x64@npm:1.0.4":
  version: 1.0.4
  resolution: "@img/sharp-libvips-linux-x64@npm:1.0.4"
  conditions: os=linux & cpu=x64 & libc=glibc
  languageName: node
  linkType: hard

"@img/sharp-libvips-linuxmusl-arm64@npm:1.0.4":
  version: 1.0.4
  resolution: "@img/sharp-libvips-linuxmusl-arm64@npm:1.0.4"
  conditions: os=linux & cpu=arm64 & libc=musl
  languageName: node
  linkType: hard

"@img/sharp-libvips-linuxmusl-x64@npm:1.0.4":
  version: 1.0.4
  resolution: "@img/sharp-libvips-linuxmusl-x64@npm:1.0.4"
  conditions: os=linux & cpu=x64 & libc=musl
  languageName: node
  linkType: hard

"@img/sharp-linux-arm64@npm:0.33.5":
  version: 0.33.5
  resolution: "@img/sharp-linux-arm64@npm:0.33.5"
  dependencies:
    "@img/sharp-libvips-linux-arm64": "npm:1.0.4"
  dependenciesMeta:
    "@img/sharp-libvips-linux-arm64":
      optional: true
  conditions: os=linux & cpu=arm64 & libc=glibc
  languageName: node
  linkType: hard

"@img/sharp-linux-arm@npm:0.33.5":
  version: 0.33.5
  resolution: "@img/sharp-linux-arm@npm:0.33.5"
  dependencies:
    "@img/sharp-libvips-linux-arm": "npm:1.0.5"
  dependenciesMeta:
    "@img/sharp-libvips-linux-arm":
      optional: true
  conditions: os=linux & cpu=arm & libc=glibc
  languageName: node
  linkType: hard

"@img/sharp-linux-s390x@npm:0.33.5":
  version: 0.33.5
  resolution: "@img/sharp-linux-s390x@npm:0.33.5"
  dependencies:
    "@img/sharp-libvips-linux-s390x": "npm:1.0.4"
  dependenciesMeta:
    "@img/sharp-libvips-linux-s390x":
      optional: true
  conditions: os=linux & cpu=s390x & libc=glibc
  languageName: node
  linkType: hard

"@img/sharp-linux-x64@npm:0.33.5":
  version: 0.33.5
  resolution: "@img/sharp-linux-x64@npm:0.33.5"
  dependencies:
    "@img/sharp-libvips-linux-x64": "npm:1.0.4"
  dependenciesMeta:
    "@img/sharp-libvips-linux-x64":
      optional: true
  conditions: os=linux & cpu=x64 & libc=glibc
  languageName: node
  linkType: hard

"@img/sharp-linuxmusl-arm64@npm:0.33.5":
  version: 0.33.5
  resolution: "@img/sharp-linuxmusl-arm64@npm:0.33.5"
  dependencies:
    "@img/sharp-libvips-linuxmusl-arm64": "npm:1.0.4"
  dependenciesMeta:
    "@img/sharp-libvips-linuxmusl-arm64":
      optional: true
  conditions: os=linux & cpu=arm64 & libc=musl
  languageName: node
  linkType: hard

"@img/sharp-linuxmusl-x64@npm:0.33.5":
  version: 0.33.5
  resolution: "@img/sharp-linuxmusl-x64@npm:0.33.5"
  dependencies:
    "@img/sharp-libvips-linuxmusl-x64": "npm:1.0.4"
  dependenciesMeta:
    "@img/sharp-libvips-linuxmusl-x64":
      optional: true
  conditions: os=linux & cpu=x64 & libc=musl
  languageName: node
  linkType: hard

"@img/sharp-wasm32@npm:0.33.5":
  version: 0.33.5
  resolution: "@img/sharp-wasm32@npm:0.33.5"
  dependencies:
    "@emnapi/runtime": "npm:^1.2.0"
  conditions: cpu=wasm32
  languageName: node
  linkType: hard

"@img/sharp-win32-ia32@npm:0.33.5":
  version: 0.33.5
  resolution: "@img/sharp-win32-ia32@npm:0.33.5"
  conditions: os=win32 & cpu=ia32
  languageName: node
  linkType: hard

"@img/sharp-win32-x64@npm:0.33.5":
  version: 0.33.5
  resolution: "@img/sharp-win32-x64@npm:0.33.5"
  conditions: os=win32 & cpu=x64
  languageName: node
  linkType: hard

"@isaacs/fs-minipass@npm:^4.0.0":
  version: 4.0.1
  resolution: "@isaacs/fs-minipass@npm:4.0.1"
  dependencies:
    minipass: "npm:^7.0.4"
  checksum: 10c0/c25b6dc1598790d5b55c0947a9b7d111cfa92594db5296c3b907e2f533c033666f692a3939eadac17b1c7c40d362d0b0635dc874cbfe3e70db7c2b07cc97a5d2
  languageName: node
  linkType: hard

"@jridgewell/resolve-uri@npm:^3.0.3":
  version: 3.1.2
  resolution: "@jridgewell/resolve-uri@npm:3.1.2"
  checksum: 10c0/d502e6fb516b35032331406d4e962c21fe77cdf1cbdb49c6142bcbd9e30507094b18972778a6e27cbad756209cfe34b1a27729e6fa08a2eb92b33943f680cf1e
  languageName: node
  linkType: hard

"@jridgewell/sourcemap-codec@npm:^1.4.10":
  version: 1.5.5
  resolution: "@jridgewell/sourcemap-codec@npm:1.5.5"
  checksum: 10c0/f9e538f302b63c0ebc06eecb1dd9918dd4289ed36147a0ddce35d6ea4d7ebbda243cda7b2213b6a5e1d8087a298d5cf630fb2bd39329cdecb82017023f6081a0
  languageName: node
  linkType: hard

"@jridgewell/trace-mapping@npm:0.3.9":
  version: 0.3.9
  resolution: "@jridgewell/trace-mapping@npm:0.3.9"
  dependencies:
    "@jridgewell/resolve-uri": "npm:^3.0.3"
    "@jridgewell/sourcemap-codec": "npm:^1.4.10"
  checksum: 10c0/fa425b606d7c7ee5bfa6a31a7b050dd5814b4082f318e0e4190f991902181b4330f43f4805db1dd4f2433fd0ed9cc7a7b9c2683f1deeab1df1b0a98b1e24055b
  languageName: node
  linkType: hard

"abbrev@npm:^4.0.0":
  version: 4.0.0
  resolution: "abbrev@npm:4.0.0"
  checksum: 10c0/b4cc16935235e80702fc90192e349e32f8ef0ed151ef506aa78c81a7c455ec18375c4125414b99f84b2e055199d66383e787675f0bcd87da7a4dbd59f9eac1d5
  languageName: node
  linkType: hard

"acorn-walk@npm:8.3.2":
  version: 8.3.2
  resolution: "acorn-walk@npm:8.3.2"
  checksum: 10c0/7e2a8dad5480df7f872569b9dccff2f3da7e65f5353686b1d6032ab9f4ddf6e3a2cb83a9b52cf50b1497fd522154dda92f0abf7153290cc79cd14721ff121e52
  languageName: node
  linkType: hard

"acorn@npm:8.14.0":
  version: 8.14.0
  resolution: "acorn@npm:8.14.0"
  bin:
    acorn: bin/acorn
  checksum: 10c0/6d4ee461a7734b2f48836ee0fbb752903606e576cc100eb49340295129ca0b452f3ba91ddd4424a1d4406a98adfb2ebb6bd0ff4c49d7a0930c10e462719bbfd7
  languageName: node
  linkType: hard

"as-table@npm:^1.0.36":
  version: 1.0.55
  resolution: "as-table@npm:1.0.55"
  dependencies:
    printable-characters: "npm:^1.0.42"
  checksum: 10c0/8c5693a84621fe53c62fcad6b779dc55c5caf4d43b8e67077964baea4a337769ef53f590d7395c806805b4ef1a391b614ba9acdee19b2ca4309ddedaf13894e6
  languageName: node
  linkType: hard

"blake3-wasm@npm:2.1.5":
  version: 2.1.5
  resolution: "blake3-wasm@npm:2.1.5"
  checksum: 10c0/5dc729d8e3a9d1d7ab016b36cdda264a327ada0239716df48435163e11d2bf6df25d6e421655a1f52649098ae49555268a654729b7d02768f77c571ab37ef814
  languageName: node
  linkType: hard

"chownr@npm:^3.0.0":
  version: 3.0.0
  resolution: "chownr@npm:3.0.0"
  checksum: 10c0/43925b87700f7e3893296c8e9c56cc58f926411cce3a6e5898136daaf08f08b9a8eb76d37d3267e707d0dcc17aed2e2ebdf5848c0c3ce95cf910a919935c1b10
  languageName: node
  linkType: hard

"color-convert@npm:^2.0.1":
  version: 2.0.1
  resolution: "color-convert@npm:2.0.1"
  dependencies:
    color-name: "npm:~1.1.4"
  checksum: 10c0/37e1150172f2e311fe1b2df62c6293a342ee7380da7b9cfdba67ea539909afbd74da27033208d01d6d5cfc65ee7868a22e18d7e7648e004425441c0f8a15a7d7
  languageName: node
  linkType: hard

"color-name@npm:^1.0.0, color-name@npm:~1.1.4":
  version: 1.1.4
  resolution: "color-name@npm:1.1.4"
  checksum: 10c0/a1a3f914156960902f46f7f56bc62effc6c94e84b2cae157a526b1c1f74b677a47ec602bf68a61abfa2b42d15b7c5651c6dbe72a43af720bc588dff885b10f95
  languageName: node
  linkType: hard

"color-string@npm:^1.9.0":
  version: 1.9.1
  resolution: "color-string@npm:1.9.1"
  dependencies:
    color-name: "npm:^1.0.0"
    simple-swizzle: "npm:^0.2.2"
  checksum: 10c0/b0bfd74c03b1f837f543898b512f5ea353f71630ccdd0d66f83028d1f0924a7d4272deb278b9aef376cacf1289b522ac3fb175e99895283645a2dc3a33af2404
  languageName: node
  linkType: hard

"color@npm:^4.2.3":
  version: 4.2.3
  resolution: "color@npm:4.2.3"
  dependencies:
    color-convert: "npm:^2.0.1"
    color-string: "npm:^1.9.0"
  checksum: 10c0/7fbe7cfb811054c808349de19fb380252e5e34e61d7d168ec3353e9e9aacb1802674bddc657682e4e9730c2786592a4de6f8283e7e0d3870b829bb0b7b2f6118
  languageName: node
  linkType: hard

"cookie@npm:^0.7.1":
  version: 0.7.2
  resolution: "cookie@npm:0.7.2"
  checksum: 10c0/9596e8ccdbf1a3a88ae02cf5ee80c1c50959423e1022e4e60b91dd87c622af1da309253d8abdb258fb5e3eacb4f08e579dc58b4897b8087574eee0fd35dfa5d2
  languageName: node
  linkType: hard

"data-uri-to-buffer@npm:^2.0.0":
  version: 2.0.2
  resolution: "data-uri-to-buffer@npm:2.0.2"
  checksum: 10c0/341b6191ed65fa453e97a6d44db06082121ebc2ef3e6e096dfb6a1ebbc75e8be39d4199a5b4dba0f0efc43f2a3b2bcc276d85cf1407eba880eb09ebf17c3c31e
  languageName: node
  linkType: hard

"defu@npm:^6.1.4":
  version: 6.1.7
  resolution: "defu@npm:6.1.7"
  checksum: 10c0/e6635388103c8be3c574ac31302f6930e5e6eeedba32cb1b30cf993c7d9fb571aec2485446dfa23bfa63e55e66156fe109027a9695db82a50f931e91e8d4bedb
  languageName: node
  linkType: hard

"detect-libc@npm:^2.0.3":
  version: 2.1.2
  resolution: "detect-libc@npm:2.1.2"
  checksum: 10c0/acc675c29a5649fa1fb6e255f993b8ee829e510b6b56b0910666949c80c364738833417d0edb5f90e4e46be17228b0f2b66a010513984e18b15deeeac49369c4
  languageName: node
  linkType: hard

"env-paths@npm:^2.2.0":
  version: 2.2.1
  resolution: "env-paths@npm:2.2.1"
  checksum: 10c0/285325677bf00e30845e330eec32894f5105529db97496ee3f598478e50f008c5352a41a30e5e72ec9de8a542b5a570b85699cd63bd2bc646dbcb9f311d83bc4
  languageName: node
  linkType: hard

"esbuild@npm:0.17.19":
  version: 0.17.19
  resolution: "esbuild@npm:0.17.19"
  dependencies:
    "@esbuild/android-arm": "npm:0.17.19"
    "@esbuild/android-arm64": "npm:0.17.19"
    "@esbuild/android-x64": "npm:0.17.19"
    "@esbuild/darwin-arm64": "npm:0.17.19"
    "@esbuild/darwin-x64": "npm:0.17.19"
    "@esbuild/freebsd-arm64": "npm:0.17.19"
    "@esbuild/freebsd-x64": "npm:0.17.19"
    "@esbuild/linux-arm": "npm:0.17.19"
    "@esbuild/linux-arm64": "npm:0.17.19"
    "@esbuild/linux-ia32": "npm:0.17.19"
    "@esbuild/linux-loong64": "npm:0.17.19"
    "@esbuild/linux-mips64el": "npm:0.17.19"
    "@esbuild/linux-ppc64": "npm:0.17.19"
    "@esbuild/linux-riscv64": "npm:0.17.19"
    "@esbuild/linux-s390x": "npm:0.17.19"
    "@esbuild/linux-x64": "npm:0.17.19"
    "@esbuild/netbsd-x64": "npm:0.17.19"
    "@esbuild/openbsd-x64": "npm:0.17.19"
    "@esbuild/sunos-x64": "npm:0.17.19"
    "@esbuild/win32-arm64": "npm:0.17.19"
    "@esbuild/win32-ia32": "npm:0.17.19"
    "@esbuild/win32-x64": "npm:0.17.19"
  dependenciesMeta:
    "@esbuild/android-arm":
      optional: true
    "@esbuild/android-arm64":
      optional: true
    "@esbuild/android-x64":
      optional: true
    "@esbuild/darwin-arm64":
      optional: true
    "@esbuild/darwin-x64":
      optional: true
    "@esbuild/freebsd-arm64":
      optional: true
    "@esbuild/freebsd-x64":
      optional: true
    "@esbuild/linux-arm":
      optional: true
    "@esbuild/linux-arm64":
      optional: true
    "@esbuild/linux-ia32":
      optional: true
    "@esbuild/linux-loong64":
      optional: true
    "@esbuild/linux-mips64el":
      optional: true
    "@esbuild/linux-ppc64":
      optional: true
    "@esbuild/linux-riscv64":
      optional: true
    "@esbuild/linux-s390x":
      optional: true
    "@esbuild/linux-x64":
      optional: true
    "@esbuild/netbsd-x64":
      optional: true
    "@esbuild/openbsd-x64":
      optional: true
    "@esbuild/sunos-x64":
      optional: true
    "@esbuild/win32-arm64":
      optional: true
    "@esbuild/win32-ia32":
      optional: true
    "@esbuild/win32-x64":
      optional: true
  bin:
    esbuild: bin/esbuild
  checksum: 10c0/c7ac14bfaaebe4745d5d18347b4f6854fd1140acb9389e88dbfa5c20d4e2122451d9647d5498920470a880a605d6e5502b5c2102da6c282b01f129ddd49d2874
  languageName: node
  linkType: hard

"escape-string-regexp@npm:^4.0.0":
  version: 4.0.0
  resolution: "escape-string-regexp@npm:4.0.0"
  checksum: 10c0/9497d4dd307d845bd7f75180d8188bb17ea8c151c1edbf6b6717c100e104d629dc2dfb687686181b0f4b7d732c7dfdc4d5e7a8ff72de1b0ca283a75bbb3a9cd9
  languageName: node
  linkType: hard

"estree-walker@npm:^0.6.1":
  version: 0.6.1
  resolution: "estree-walker@npm:0.6.1"
  checksum: 10c0/6dabc855faa04a1ffb17b6a9121b6008ba75ab5a163ad9dc3d7fca05cfda374c5f5e91418d783496620ca75e99a73c40874d8b75f23b4117508cc8bde78e7b41
  languageName: node
  linkType: hard

"exit-hook@npm:2.2.1":
  version: 2.2.1
  resolution: "exit-hook@npm:2.2.1"
  checksum: 10c0/0803726d1b60aade6afd10c73e5a7e1bf256ac9bee78362a88e91a4f735e8c67899f2853ddc613072c05af07bbb067a9978a740e614db1aeef167d50c6dc5c09
  languageName: node
  linkType: hard

"exponential-backoff@npm:^3.1.1":
  version: 3.1.3
  resolution: "exponential-backoff@npm:3.1.3"
  checksum: 10c0/77e3ae682b7b1f4972f563c6dbcd2b0d54ac679e62d5d32f3e5085feba20483cf28bd505543f520e287a56d4d55a28d7874299941faf637e779a1aa5994d1267
  languageName: node
  linkType: hard

"exsolve@npm:^1.0.1":
  version: 1.0.8
  resolution: "exsolve@npm:1.0.8"
  checksum: 10c0/65e44ae05bd4a4a5d87cfdbbd6b8f24389282cf9f85fa5feb17ca87ad3f354877e6af4cd99e02fc29044174891f82d1d68c77f69234410eb8f163530e6278c67
  languageName: node
  linkType: hard

"fdir@npm:^6.5.0":
  version: 6.5.0
  resolution: "fdir@npm:6.5.0"
  peerDependencies:
    picomatch: ^3 || ^4
  peerDependenciesMeta:
    picomatch:
      optional: true
  checksum: 10c0/e345083c4306b3aed6cb8ec551e26c36bab5c511e99ea4576a16750ddc8d3240e63826cc624f5ae17ad4dc82e68a253213b60d556c11bfad064b7607847ed07f
  languageName: node
  linkType: hard

"fsevents@npm:~2.3.2":
  version: 2.3.3
  resolution: "fsevents@npm:2.3.3"
  dependencies:
    node-gyp: "npm:latest"
  checksum: 10c0/a1f0c44595123ed717febbc478aa952e47adfc28e2092be66b8ab1635147254ca6cfe1df792a8997f22716d4cbafc73309899ff7bfac2ac3ad8cf2e4ecc3ec60
  conditions: os=darwin
  languageName: node
  linkType: hard

"fsevents@patch:fsevents@npm%3A~2.3.2#optional!builtin<compat/fsevents>":
  version: 2.3.3
  resolution: "fsevents@patch:fsevents@npm%3A2.3.3#optional!builtin<compat/fsevents>::version=2.3.3&hash=df0bf1"
  dependencies:
    node-gyp: "npm:latest"
  conditions: os=darwin
  languageName: node
  linkType: hard

"get-source@npm:^2.0.12":
  version: 2.0.12
  resolution: "get-source@npm:2.0.12"
  dependencies:
    data-uri-to-buffer: "npm:^2.0.0"
    source-map: "npm:^0.6.1"
  checksum: 10c0/b1db46d28902344fd9407e1f0ed0b8f3a85cb4650f85ba8cee9c0b422fc75118172f12f735706e2c6e034617b13a2fbc5266e7fab617ecb184f0cee074b9dd3e
  languageName: node
  linkType: hard

"glob-to-regexp@npm:0.4.1":
  version: 0.4.1
  resolution: "glob-to-regexp@npm:0.4.1"
  checksum: 10c0/0486925072d7a916f052842772b61c3e86247f0a80cc0deb9b5a3e8a1a9faad5b04fb6f58986a09f34d3e96cd2a22a24b7e9882fb1cf904c31e9a310de96c429
  languageName: node
  linkType: hard

"graceful-fs@npm:^4.2.6":
  version: 4.2.11
  resolution: "graceful-fs@npm:4.2.11"
  checksum: 10c0/386d011a553e02bc594ac2ca0bd6d9e4c22d7fa8cfbfc448a6d148c59ea881b092db9dbe3547ae4b88e55f1b01f7c4a2ecc53b310c042793e63aa44cf6c257f2
  languageName: node
  linkType: hard

"is-arrayish@npm:^0.3.1":
  version: 0.3.4
  resolution: "is-arrayish@npm:0.3.4"
  checksum: 10c0/1fa672a2f0bedb74154440310f616c0b6e53a95cf0625522ae050f06626d1cabd1a3d8085c882dc45c61ad0e7df2529aff122810b3b4a552880bf170d6df94e0
  languageName: node
  linkType: hard

"isexe@npm:^4.0.0":
  version: 4.0.0
  resolution: "isexe@npm:4.0.0"
  checksum: 10c0/5884815115bceac452877659a9c7726382531592f43dc29e5d48b7c4100661aed54018cb90bd36cb2eaeba521092570769167acbb95c18d39afdccbcca06c5ce
  languageName: node
  linkType: hard

"magic-string@npm:^0.25.3":
  version: 0.25.9
  resolution: "magic-string@npm:0.25.9"
  dependencies:
    sourcemap-codec: "npm:^1.4.8"
  checksum: 10c0/37f5e01a7e8b19a072091f0b45ff127cda676232d373ce2c551a162dd4053c575ec048b9cbb4587a1f03adb6c5d0fd0dd49e8ab070cd2c83a4992b2182d9cb56
  languageName: node
  linkType: hard

"mime@npm:^3.0.0":
  version: 3.0.0
  resolution: "mime@npm:3.0.0"
  bin:
    mime: cli.js
  checksum: 10c0/402e792a8df1b2cc41cb77f0dcc46472b7944b7ec29cb5bbcd398624b6b97096728f1239766d3fdeb20551dd8d94738344c195a6ea10c4f906eb0356323b0531
  languageName: node
  linkType: hard

"miniflare@npm:3.20250718.3":
  version: 3.20250718.3
  resolution: "miniflare@npm:3.20250718.3"
  dependencies:
    "@cspotcode/source-map-support": "npm:0.8.1"
    acorn: "npm:8.14.0"
    acorn-walk: "npm:8.3.2"
    exit-hook: "npm:2.2.1"
    glob-to-regexp: "npm:0.4.1"
    stoppable: "npm:1.1.0"
    undici: "npm:^5.28.5"
    workerd: "npm:1.20250718.0"
    ws: "npm:8.18.0"
    youch: "npm:3.3.4"
    zod: "npm:3.22.3"
  bin:
    miniflare: bootstrap.js
  checksum: 10c0/ebabf4640c6d736589a91833eb5bd00c218175d8fc7ae938fff9014c0ec01d1fc80b11f961df79cd8cdef8d26c4d5ccdb63d5f618f671a1f0b59dc0f5a368ae5
  languageName: node
  linkType: hard

"minipass@npm:^7.0.4, minipass@npm:^7.1.2":
  version: 7.1.3
  resolution: "minipass@npm:7.1.3"
  checksum: 10c0/539da88daca16533211ea5a9ee98dc62ff5742f531f54640dd34429e621955e91cc280a91a776026264b7f9f6735947629f920944e9c1558369e8bf22eb33fbb
  languageName: node
  linkType: hard

"minizlib@npm:^3.1.0":
  version: 3.1.0
  resolution: "minizlib@npm:3.1.0"
  dependencies:
    minipass: "npm:^7.1.2"
  checksum: 10c0/5aad75ab0090b8266069c9aabe582c021ae53eb33c6c691054a13a45db3b4f91a7fb1bd79151e6b4e9e9a86727b522527c0a06ec7d45206b745d54cd3097bcec
  languageName: node
  linkType: hard

"mustache@npm:^4.2.0":
  version: 4.2.0
  resolution: "mustache@npm:4.2.0"
  bin:
    mustache: bin/mustache
  checksum: 10c0/1f8197e8a19e63645a786581d58c41df7853da26702dbc005193e2437c98ca49b255345c173d50c08fe4b4dbb363e53cb655ecc570791f8deb09887248dd34a2
  languageName: node
  linkType: hard

"node-gyp@npm:latest":
  version: 12.3.0
  resolution: "node-gyp@npm:12.3.0"
  dependencies:
    env-paths: "npm:^2.2.0"
    exponential-backoff: "npm:^3.1.1"
    graceful-fs: "npm:^4.2.6"
    nopt: "npm:^9.0.0"
    proc-log: "npm:^6.0.0"
    semver: "npm:^7.3.5"
    tar: "npm:^7.5.4"
    tinyglobby: "npm:^0.2.12"
    undici: "npm:^6.25.0"
    which: "npm:^6.0.0"
  bin:
    node-gyp: bin/node-gyp.js
  checksum: 10c0/9d9032b405cbe42f72a105259d9eb679376470c102df4a2dbaa51e07d59bf741dcffb85897087ea9d8318b9cabb824a8978af51508ae142f0239ae1e6a3c2329
  languageName: node
  linkType: hard

"nopt@npm:^9.0.0":
  version: 9.0.0
  resolution: "nopt@npm:9.0.0"
  dependencies:
    abbrev: "npm:^4.0.0"
  bin:
    nopt: bin/nopt.js
  checksum: 10c0/1822eb6f9b020ef6f7a7516d7b64a8036e09666ea55ac40416c36e4b2b343122c3cff0e2f085675f53de1d2db99a2a89a60ccea1d120bcd6a5347bf6ceb4a7fd
  languageName: node
  linkType: hard

"ohash@npm:^2.0.10":
  version: 2.0.11
  resolution: "ohash@npm:2.0.11"
  checksum: 10c0/d07c8d79cc26da082c1a7c8d5b56c399dd4ed3b2bd069fcae6bae78c99a9bcc3ad813b1e1f49ca2f335292846d689c6141a762cf078727d2302a33d414e69c79
  languageName: node
  linkType: hard

"path-to-regexp@npm:6.3.0":
  version: 6.3.0
  resolution: "path-to-regexp@npm:6.3.0"
  checksum: 10c0/73b67f4638b41cde56254e6354e46ae3a2ebc08279583f6af3d96fe4664fc75788f74ed0d18ca44fa4a98491b69434f9eee73b97bb5314bd1b5adb700f5c18d6
  languageName: node
  linkType: hard

"pathe@npm:^2.0.3":
  version: 2.0.3
  resolution: "pathe@npm:2.0.3"
  checksum: 10c0/c118dc5a8b5c4166011b2b70608762e260085180bb9e33e80a50dcdb1e78c010b1624f4280c492c92b05fc276715a4c357d1f9edc570f8f1b3d90b6839ebaca1
  languageName: node
  linkType: hard

"picomatch@npm:^4.0.4":
  version: 4.0.4
  resolution: "picomatch@npm:4.0.4"
  checksum: 10c0/e2c6023372cc7b5764719a5ffb9da0f8e781212fa7ca4bd0562db929df8e117460f00dff3cb7509dacfc06b86de924b247f504d0ce1806a37fac4633081466b0
  languageName: node
  linkType: hard

"printable-characters@npm:^1.0.42":
  version: 1.0.42
  resolution: "printable-characters@npm:1.0.42"
  checksum: 10c0/7c94d94c6041a37c385af770c7402ad5a2e8a3429ca4d2505a9f19fde39bac9a8fd1edfbfa02f1eae5b4b0f3536b6b8ee6c84621f7c0fcb41476b2df6ee20e4b
  languageName: node
  linkType: hard

"proc-log@npm:^6.0.0":
  version: 6.1.0
  resolution: "proc-log@npm:6.1.0"
  checksum: 10c0/4f178d4062733ead9d71a9b1ab24ebcecdfe2250916a5b1555f04fe2eda972a0ec76fbaa8df1ad9c02707add6749219d118a4fc46dc56bdfe4dde4b47d80bb82
  languageName: node
  linkType: hard

"rollup-plugin-inject@npm:^3.0.0":
  version: 3.0.2
  resolution: "rollup-plugin-inject@npm:3.0.2"
  dependencies:
    estree-walker: "npm:^0.6.1"
    magic-string: "npm:^0.25.3"
    rollup-pluginutils: "npm:^2.8.1"
  checksum: 10c0/35b9d955039b56b43750a9e458bb51b7956b048b6d3ca57b1f03462aa5a0cb176d1b677d95e909b64eee4e9adf73c02f569ad8c0ab5aafdec818ff51700c114c
  languageName: node
  linkType: hard

"rollup-plugin-node-polyfills@npm:^0.2.1":
  version: 0.2.1
  resolution: "rollup-plugin-node-polyfills@npm:0.2.1"
  dependencies:
    rollup-plugin-inject: "npm:^3.0.0"
  checksum: 10c0/30f9e09cbbf979b1212e0c455d74c3a061994fc19ddf160da4634b11377222cea5903a5ba05db66be849f550cde9ffc80ecbfcfb48544045d08bfc408501417d
  languageName: node
  linkType: hard

"rollup-pluginutils@npm:^2.8.1":
  version: 2.8.2
  resolution: "rollup-pluginutils@npm:2.8.2"
  dependencies:
    estree-walker: "npm:^0.6.1"
  checksum: 10c0/20947bec5a5dd68b5c5c8423911e6e7c0ad834c451f1a929b1f4e2bc08836ad3f1a722ef2bfcbeca921870a0a283f13f064a317dc7a6768496e98c9a641ba290
  languageName: node
  linkType: hard

"semver@npm:^7.3.5, semver@npm:^7.6.3":
  version: 7.7.4
  resolution: "semver@npm:7.7.4"
  bin:
    semver: bin/semver.js
  checksum: 10c0/5215ad0234e2845d4ea5bb9d836d42b03499546ddafb12075566899fc617f68794bb6f146076b6881d755de17d6c6cc73372555879ec7dce2c2feee947866ad2
  languageName: node
  linkType: hard

"sharp@npm:^0.33.5":
  version: 0.33.5
  resolution: "sharp@npm:0.33.5"
  dependencies:
    "@img/sharp-darwin-arm64": "npm:0.33.5"
    "@img/sharp-darwin-x64": "npm:0.33.5"
    "@img/sharp-libvips-darwin-arm64": "npm:1.0.4"
    "@img/sharp-libvips-darwin-x64": "npm:1.0.4"
    "@img/sharp-libvips-linux-arm": "npm:1.0.5"
    "@img/sharp-libvips-linux-arm64": "npm:1.0.4"
    "@img/sharp-libvips-linux-s390x": "npm:1.0.4"
    "@img/sharp-libvips-linux-x64": "npm:1.0.4"
    "@img/sharp-libvips-linuxmusl-arm64": "npm:1.0.4"
    "@img/sharp-libvips-linuxmusl-x64": "npm:1.0.4"
    "@img/sharp-linux-arm": "npm:0.33.5"
    "@img/sharp-linux-arm64": "npm:0.33.5"
    "@img/sharp-linux-s390x": "npm:0.33.5"
    "@img/sharp-linux-x64": "npm:0.33.5"
    "@img/sharp-linuxmusl-arm64": "npm:0.33.5"
    "@img/sharp-linuxmusl-x64": "npm:0.33.5"
    "@img/sharp-wasm32": "npm:0.33.5"
    "@img/sharp-win32-ia32": "npm:0.33.5"
    "@img/sharp-win32-x64": "npm:0.33.5"
    color: "npm:^4.2.3"
    detect-libc: "npm:^2.0.3"
    semver: "npm:^7.6.3"
  dependenciesMeta:
    "@img/sharp-darwin-arm64":
      optional: true
    "@img/sharp-darwin-x64":
      optional: true
    "@img/sharp-libvips-darwin-arm64":
      optional: true
    "@img/sharp-libvips-darwin-x64":
      optional: true
    "@img/sharp-libvips-linux-arm":
      optional: true
    "@img/sharp-libvips-linux-arm64":
      optional: true
    "@img/sharp-libvips-linux-s390x":
      optional: true
    "@img/sharp-libvips-linux-x64":
      optional: true
    "@img/sharp-libvips-linuxmusl-arm64":
      optional: true
    "@img/sharp-libvips-linuxmusl-x64":
      optional: true
    "@img/sharp-linux-arm":
      optional: true
    "@img/sharp-linux-arm64":
      optional: true
    "@img/sharp-linux-s390x":
      optional: true
    "@img/sharp-linux-x64":
      optional: true
    "@img/sharp-linuxmusl-arm64":
      optional: true
    "@img/sharp-linuxmusl-x64":
      optional: true
    "@img/sharp-wasm32":
      optional: true
    "@img/sharp-win32-ia32":
      optional: true
    "@img/sharp-win32-x64":
      optional: true
  checksum: 10c0/6b81421ddfe6ee524d8d77e325c5e147fef22884e1c7b1656dfd89a88d7025894115da02d5f984261bf2e6daa16f98cadd1721c4ba408b4212b1d2a60f233484
  languageName: node
  linkType: hard

"simple-swizzle@npm:^0.2.2":
  version: 0.2.4
  resolution: "simple-swizzle@npm:0.2.4"
  dependencies:
    is-arrayish: "npm:^0.3.1"
  checksum: 10c0/846c3fdd1325318d5c71295cfbb99bfc9edc4c8dffdda5e6e9efe30482bbcd32cf360fc2806f46ac43ff7d09bcfaff20337bb79f826f0e6a8e366efd3cdd7868
  languageName: node
  linkType: hard

"source-map@npm:^0.6.1":
  version: 0.6.1
  resolution: "source-map@npm:0.6.1"
  checksum: 10c0/ab55398007c5e5532957cb0beee2368529618ac0ab372d789806f5718123cc4367d57de3904b4e6a4170eb5a0b0f41373066d02ca0735a0c4d75c7d328d3e011
  languageName: node
  linkType: hard

"sourcemap-codec@npm:^1.4.8":
  version: 1.4.8
  resolution: "sourcemap-codec@npm:1.4.8"
  checksum: 10c0/f099279fdaae070ff156df7414bbe39aad69cdd615454947ed3e19136bfdfcb4544952685ee73f56e17038f4578091e12b17b283ed8ac013882916594d95b9e6
  languageName: node
  linkType: hard

"stacktracey@npm:^2.1.8":
  version: 2.2.0
  resolution: "stacktracey@npm:2.2.0"
  dependencies:
    as-table: "npm:^1.0.36"
    get-source: "npm:^2.0.12"
  checksum: 10c0/fc5d58a85e76a1a13ce1a2ecac4029c5e889a7c437259023f5514dfc3b107603de944c46faa6c930e4991fe13d91deb385e9537ef7f6deb1bd2d8188f69eec30
  languageName: node
  linkType: hard

"stoppable@npm:1.1.0":
  version: 1.1.0
  resolution: "stoppable@npm:1.1.0"
  checksum: 10c0/ba91b65e6442bf6f01ce837a727ece597a977ed92a05cb9aea6bf446c5e0dcbccc28f31b793afa8aedd8f34baaf3335398d35f903938d5493f7fbe386a1e090e
  languageName: node
  linkType: hard

"tar@npm:^7.5.4":
  version: 7.5.13
  resolution: "tar@npm:7.5.13"
  dependencies:
    "@isaacs/fs-minipass": "npm:^4.0.0"
    chownr: "npm:^3.0.0"
    minipass: "npm:^7.1.2"
    minizlib: "npm:^3.1.0"
    yallist: "npm:^5.0.0"
  checksum: 10c0/5c65b8084799bde7a791593a1c1a45d3d6ee98182e3700b24c247b7b8f8654df4191642abbdb07ff25043d45dcff35620827c3997b88ae6c12040f64bed5076b
  languageName: node
  linkType: hard

"tiagodanin-feedback-worker@workspace:.":
  version: 0.0.0-use.local
  resolution: "tiagodanin-feedback-worker@workspace:."
  dependencies:
    "@cloudflare/workers-types": "npm:^4.20241218.0"
    typescript: "npm:^5.6.0"
    wrangler: "npm:^3.95.0"
  languageName: unknown
  linkType: soft

"tinyglobby@npm:^0.2.12":
  version: 0.2.16
  resolution: "tinyglobby@npm:0.2.16"
  dependencies:
    fdir: "npm:^6.5.0"
    picomatch: "npm:^4.0.4"
  checksum: 10c0/f2e09fd93dd95c41e522113b686ff6f7c13020962f8698a864a257f3d7737599afc47722b7ab726e12f8a813f779906187911ff8ee6701ede65072671a7e934b
  languageName: node
  linkType: hard

"tslib@npm:^2.4.0":
  version: 2.8.1
  resolution: "tslib@npm:2.8.1"
  checksum: 10c0/9c4759110a19c53f992d9aae23aac5ced636e99887b51b9e61def52611732872ff7668757d4e4c61f19691e36f4da981cd9485e869b4a7408d689f6bf1f14e62
  languageName: node
  linkType: hard

"typescript@npm:^5.6.0":
  version: 5.9.3
  resolution: "typescript@npm:5.9.3"
  bin:
    tsc: bin/tsc
    tsserver: bin/tsserver
  checksum: 10c0/6bd7552ce39f97e711db5aa048f6f9995b53f1c52f7d8667c1abdc1700c68a76a308f579cd309ce6b53646deb4e9a1be7c813a93baaf0a28ccd536a30270e1c5
  languageName: node
  linkType: hard

"typescript@patch:typescript@npm%3A^5.6.0#optional!builtin<compat/typescript>":
  version: 5.9.3
  resolution: "typescript@patch:typescript@npm%3A5.9.3#optional!builtin<compat/typescript>::version=5.9.3&hash=5786d5"
  bin:
    tsc: bin/tsc
    tsserver: bin/tsserver
  checksum: 10c0/ad09fdf7a756814dce65bc60c1657b40d44451346858eea230e10f2e95a289d9183b6e32e5c11e95acc0ccc214b4f36289dcad4bf1886b0adb84d711d336a430
  languageName: node
  linkType: hard

"ufo@npm:^1.5.4":
  version: 1.6.3
  resolution: "ufo@npm:1.6.3"
  checksum: 10c0/bf0e4ebff99e54da1b9c7182ac2f40475988b41faa881d579bc97bc2a0509672107b0a0e94c4b8d31a0ab8c4bf07f4aa0b469ac6da8536d56bda5b085ea2e953
  languageName: node
  linkType: hard

"undici@npm:^5.28.5":
  version: 5.29.0
  resolution: "undici@npm:5.29.0"
  dependencies:
    "@fastify/busboy": "npm:^2.0.0"
  checksum: 10c0/e4e4d631ca54ee0ad82d2e90e7798fa00a106e27e6c880687e445cc2f13b4bc87c5eba2a88c266c3eecffb18f26e227b778412da74a23acc374fca7caccec49b
  languageName: node
  linkType: hard

"undici@npm:^6.25.0":
  version: 6.25.0
  resolution: "undici@npm:6.25.0"
  checksum: 10c0/2597cc6689bdb02c210c557b1f85febbfda65becae6e6fc1061508e2f33734d25207f81cd8af56ada9956329eb3a7bd7431e87dcfeceba20ee87059b57dcf985
  languageName: node
  linkType: hard

"unenv@npm:2.0.0-rc.14":
  version: 2.0.0-rc.14
  resolution: "unenv@npm:2.0.0-rc.14"
  dependencies:
    defu: "npm:^6.1.4"
    exsolve: "npm:^1.0.1"
    ohash: "npm:^2.0.10"
    pathe: "npm:^2.0.3"
    ufo: "npm:^1.5.4"
  checksum: 10c0/85372028cafb1726dfbe4dbb34953580827936f527022f6b03eaaf1b947d9354cf39ed505203edb11e77791d01778cb2287b2db03f516ed4503de9182a821f94
  languageName: node
  linkType: hard

"which@npm:^6.0.0":
  version: 6.0.1
  resolution: "which@npm:6.0.1"
  dependencies:
    isexe: "npm:^4.0.0"
  bin:
    node-which: bin/which.js
  checksum: 10c0/7e710e54ea36d2d6183bee2f9caa27a3b47b9baf8dee55a199b736fcf85eab3b9df7556fca3d02b50af7f3dfba5ea3a45644189836df06267df457e354da66d5
  languageName: node
  linkType: hard

"workerd@npm:1.20250718.0":
  version: 1.20250718.0
  resolution: "workerd@npm:1.20250718.0"
  dependencies:
    "@cloudflare/workerd-darwin-64": "npm:1.20250718.0"
    "@cloudflare/workerd-darwin-arm64": "npm:1.20250718.0"
    "@cloudflare/workerd-linux-64": "npm:1.20250718.0"
    "@cloudflare/workerd-linux-arm64": "npm:1.20250718.0"
    "@cloudflare/workerd-windows-64": "npm:1.20250718.0"
  dependenciesMeta:
    "@cloudflare/workerd-darwin-64":
      optional: true
    "@cloudflare/workerd-darwin-arm64":
      optional: true
    "@cloudflare/workerd-linux-64":
      optional: true
    "@cloudflare/workerd-linux-arm64":
      optional: true
    "@cloudflare/workerd-windows-64":
      optional: true
  bin:
    workerd: bin/workerd
  checksum: 10c0/94ac61da99310331ec21c5fb10072791af78a8080059153793ff81796a7c372ce2b40274614590982ceb2f4b1b395997f1d93b635c3c282583624a36eff8970d
  languageName: node
  linkType: hard

"wrangler@npm:^3.95.0":
  version: 3.114.17
  resolution: "wrangler@npm:3.114.17"
  dependencies:
    "@cloudflare/kv-asset-handler": "npm:0.3.4"
    "@cloudflare/unenv-preset": "npm:2.0.2"
    "@esbuild-plugins/node-globals-polyfill": "npm:0.2.3"
    "@esbuild-plugins/node-modules-polyfill": "npm:0.2.2"
    blake3-wasm: "npm:2.1.5"
    esbuild: "npm:0.17.19"
    fsevents: "npm:~2.3.2"
    miniflare: "npm:3.20250718.3"
    path-to-regexp: "npm:6.3.0"
    sharp: "npm:^0.33.5"
    unenv: "npm:2.0.0-rc.14"
    workerd: "npm:1.20250718.0"
  peerDependencies:
    "@cloudflare/workers-types": ^4.20250408.0
  dependenciesMeta:
    fsevents:
      optional: true
    sharp:
      optional: true
  peerDependenciesMeta:
    "@cloudflare/workers-types":
      optional: true
  bin:
    wrangler: bin/wrangler.js
    wrangler2: bin/wrangler.js
  checksum: 10c0/83cedac5b95b1f78ee6213fe585be5a7f7cfa2885ac482b8e75ca3e13d3ba5b0746fae5aaf82c2652c704755fe74889b69e0e2b75b6db8bb095ff7cb42b9a167
  languageName: node
  linkType: hard

"ws@npm:8.18.0":
  version: 8.18.0
  resolution: "ws@npm:8.18.0"
  peerDependencies:
    bufferutil: ^4.0.1
    utf-8-validate: ">=5.0.2"
  peerDependenciesMeta:
    bufferutil:
      optional: true
    utf-8-validate:
      optional: true
  checksum: 10c0/25eb33aff17edcb90721ed6b0eb250976328533ad3cd1a28a274bd263682e7296a6591ff1436d6cbc50fa67463158b062f9d1122013b361cec99a05f84680e06
  languageName: node
  linkType: hard

"yallist@npm:^5.0.0":
  version: 5.0.0
  resolution: "yallist@npm:5.0.0"
  checksum: 10c0/a499c81ce6d4a1d260d4ea0f6d49ab4da09681e32c3f0472dee16667ed69d01dae63a3b81745a24bd78476ec4fcf856114cb4896ace738e01da34b2c42235416
  languageName: node
  linkType: hard

"youch@npm:3.3.4":
  version: 3.3.4
  resolution: "youch@npm:3.3.4"
  dependencies:
    cookie: "npm:^0.7.1"
    mustache: "npm:^4.2.0"
    stacktracey: "npm:^2.1.8"
  checksum: 10c0/ab573c7dccebdaf2d6b084d262d5bfb22ad5c049fb1ad3e2d6a840af851042dd3a8a072665c5a5ee73c75bbc1618fbc08f1371ac896e54556bced0ddf996b026
  languageName: node
  linkType: hard

"zod@npm:3.22.3":
  version: 3.22.3
  resolution: "zod@npm:3.22.3"
  checksum: 10c0/cb4b24aed7dec98552eb9042e88cbd645455bf2830e5704174d2da96f554dabad4630e3b4f6623e1b6562b9eaa43535a37b7f2011f29b8d8e9eabe1ddf3b656b
  languageName: node
  linkType: hard
